
Microsoft Visual Studio Solution File, Format Version 12.00
# Visual Studio Version 17
VisualStudioVersion = 17.5.002.0
MinimumVisualStudioVersion = 10.0.40219.1
Project("{2150E333-8FDC-42A3-9474-1A3956D46DE8}") = "csharp-prep", "csharp-prep", "{15051826-BE14-4DC4-81C0-CD5598C5616B}"
EndProject
Project("{9A19103F-16F7-4668-BE54-9A1E7A4F7556}") = "Prep1", "csharp-prep\Prep1\Prep1.csproj", "{F44E04F0-C403-4C62-A0D8-741592B3D552}"
EndProject
Project("{9A19103F-16F7-4668-BE54-9A1E7A4F7556}") = "Prep2", "csharp-prep\Prep2\Prep2.csproj", "{7AE5ABCA-9B95-46A9-AD8C-7686278D3A55}"
EndProject
Project("{9A19103F-16F7-4668-BE54-9A1E7A4F7556}") = "Prep3", "csharp-prep\Prep3\Prep3.csproj", "{97BA8BC2-2F45-4F1B-8955-7E09E438676F}"
EndProject
Project("{9A19103F-16F7-4668-BE54-9A1E7A4F7556}") = "Prep4", "csharp-prep\Prep4\Prep4.csproj", "{A1E1167C-2B2D-4FBF-B88F-2B735571742E}"
EndProject
Project("{9A19103F-16F7-4668-BE54-9A1E7A4F7556}") = "Prep5", "csharp-prep\Prep5\Prep5.csproj", "{6611B3FE-4F99-42C1-BDD3-1A0BE29A1569}"
EndProject
Project("{2150E333-8FDC-42A3-9474-1A3956D46DE8}") = "final", "final", "{F055E8FC-203D-4730-85CC-8B61C8B5111C}"
EndProject
Project("{9A19103F-16F7-4668-BE54-9A1E7A4F7556}") = "FinalProject", "final\FinalProject\FinalProject.csproj", "{C26536A6-0EDF-4555-81D2-59F8D64DAF5F}"
EndProject
Project("{9A19103F-16F7-4668-BE54-9A1E7A4F7556}") = "Foundation1", "final\Foundation1\Foundation1.csproj", "{2CD94585-D66D-4440-A206-537C779BF294}"
EndProject
Project("{9A19103F-16F7-4668-BE54-9A1E7A4F7556}") = "Foundation2", "final\Foundation2\Foundation2.csproj", "{7E39830D-0670-497B-A4EF-D086D31FD1CA}"
EndProject
Project("{9A19103F-16F7-4668-BE54-9A1E7A4F7556}") = "Foundation3", "final\Foundation3\Foundation3.csproj", "{3B58B95B-501A-42E7-A891-549A0B852441}"
EndProject
Project("{9A19103F-16F7-4668-BE54-9A1E7A4F7556}") = "Foundation4", "final\Foundation4\Foundation4.csproj", "{52A08575-BCB2-44D0-9EB0-5D1FBBD78B46}"
EndProject
Project("{2150E333-8FDC-42A3-9474-1A3956D46DE8}") = "prepare", "prepare", "{6CAD9CE4-5FD5-4F4D-ACC8-63AE7CB03830}"
EndProject
Project("{9A19103F-16F7-4668-BE54-9A1E7A4F7556}") = "Learning02", "prepare\Learning02\Learning02.csproj", "{3F3ECB37-B724-48A9-B81B-EF948C38476C}"
EndProject
Project("{9A19103F-16F7-4668-BE54-9A1E7A4F7556}") = "Learning03", "prepare\Learning03\Learning03.csproj", "{C3C0ECD9-EE3A-45C6-A54F-78933E2F55BE}"
EndProject
Project("{9A19103F-16F7-4668-BE54-9A1E7A4F7556}") = "Learning04", "prepare\Learning04\Learning04.csproj", "{F77A0D96-27C4-45F0-BE38-9FB1AF75CAF0}"
EndProject
Project("{9A19103F-16F7-4668-BE54-9A1E7A4F7556}") = "Learning05", "prepare\Learning05\Learning05.csproj", "{E6AFD778-3E3E-4D65-B4C5-389D4344BCFF}"
EndProject
Project("{2150E333-8FDC-42A3-9474-1A3956D46DE8}") = "prove", "prove", "{0CB7C5D7-073A-4E56-B37E-4D8A83660B33}"
EndProject
Project("{9A19103F-16F7-4668-BE54-9A1E7A4F7556}") = "Develop02", "prove\Develop02\Develop02.csproj", "{8A19C14A-FDDC-464A-B4AA-E05013EBFD39}"
EndProject
Project("{9A19103F-16F7-4668-BE54-9A1E7A4F7556}") = "Develop03", "prove\Develop03\Develop03.csproj", "{3E5B56EB-4F59-4658-A32C-121325E8D20E}"
EndProject
Project("{9A19103F-16F7-4668-BE54-9A1E7A4F7556}") = "Develop04", "prove\Develop04\Develop04.csproj", "{0A9778B8-9D58-4B4C-A1DE-7A28D8834973}"
EndProject
Project("{9A19103F-16F7-4668-BE54-9A1E7A4F7556}") = "Develop05", "prove\Develop05\Develop05.csproj", "{B151FAFD-835B-45ED-AB86-CC8A80FB0461}"
EndProject
Project("{2150E333-8FDC-42A3-9474-1A3956D46DE8}") = "sandbox", "sandbox", "{F4A8C4A7-2C7B-450F-AE2B-3C4215CED308}"
EndProject
Project("{9A19103F-16F7-4668-BE54-9A1E7A4F7556}") = "Sandbox", "sandbox\Sandbox\Sandbox.csproj", "{50444A0D-0E9A-4179-8823-B816D838B47F}"
EndProject
Global
	GlobalSection(SolutionConfigurationPlatforms) = preSolution
		Debug|Any CPU = Debug|Any CPU
		Release|Any CPU = Release|Any CPU
	EndGlobalSection
	GlobalSection(ProjectConfigurationPlatforms) = postSolution
		{F44E04F0-C403-4C62-A0D8-741592B3D552}.Debug|Any CPU.ActiveCfg = Debug|Any CPU
		{F44E04F0-C403-4C62-A0D8-741592B3D552}.Debug|Any CPU.Build.0 = Debug|Any CPU
		{F44E04F0-C403-4C62-A0D8-741592B3D552}.Release|Any CPU.ActiveCfg = Release|Any CPU
		{F44E04F0-C403-4C62-A0D8-741592B3D552}.Release|Any CPU.Build.0 = Release|Any CPU
		{7AE5ABCA-9B95-46A9-AD8C-7686278D3A55}.Debug|Any CPU.ActiveCfg = Debug|Any CPU
		{7AE5ABCA-9B95-46A9-AD8C-7686278D3A55}.Debug|Any CPU.Build.0 = Debug|Any CPU
		{7AE5ABCA-9B95-46A9-AD8C-7686278D3A55}.Release|Any CPU.ActiveCfg = Release|Any CPU
		{7AE5ABCA-9B95-46A9-AD8C-7686278D3A55}.Release|Any CPU.Build.0 = Release|Any CPU
		{97BA8BC2-2F45-4F1B-8955-7E09E438676F}.Debug|Any CPU.ActiveCfg = Debug|Any CPU
		{97BA8BC2-2F45-4F1B-8955-7E09E438676F}.Debug|Any CPU.Build.0 = Debug|Any CPU
		{97BA8BC2-2F45-4F1B-8955-7E09E438676F}.Release|Any CPU.ActiveCfg = Release|Any CPU
		{97BA8BC2-2F45-4F1B-8955-7E09E438676F}.Release|Any CPU.Build.0 = Release|Any CPU
		{A1E1167C-2B2D-4FBF-B88F-2B735571742E}.Debug|Any CPU.ActiveCfg = Debug|Any CPU
		{A1E1167C-2B2D-4FBF-B88F-2B735571742E}.Debug|Any CPU.Build.0 = Debug|Any CPU
		{A1E1167C-2B2D-4FBF-B88F-2B735571742E}.Release|Any CPU.ActiveCfg = Release|Any CPU
		{A1E1167C-2B2D-4FBF-B88F-2B735571742E}.Release|Any CPU.Build.0 = Release|Any CPU
		{6611B3FE-4F99-42C1-BDD3-1A0BE29A1569}.Debug|Any CPU.ActiveCfg = Debug|Any CPU
		{6611B3FE-4F99-42C1-BDD3-1A0BE29A1569}.Debug|Any CPU.Build.0 = Debug|Any CPU
		{6611B3FE-4F99-42C1-BDD3-1A0BE29A1569}.Release|Any CPU.ActiveCfg = Release|Any CPU
		{6611B3FE-4F99-42C1-BDD3-1A0BE29A1569}.Release|Any CPU.Build.0 = Release|Any CPU
		{C26536A6-0EDF-4555-81D2-59F8D64DAF5F}.Debug|Any CPU.ActiveCfg = Debug|Any CPU
		{C26536A6-0EDF-4555-81D2-59F8D64DAF5F}.Debug|Any CPU.Build.0 = Debug|Any CPU
		{C26536A6-0EDF-4555-81D2-59F8D64DAF5F}.Release|Any CPU.ActiveCfg = Release|Any CPU
		{C26536A6-0EDF-4555-81D2-59F8D64DAF5F}.Release|Any CPU.Build.0 = Release|Any CPU
		{2CD94585-D66D-4440-A206-537C779BF294}.Debug|Any CPU.ActiveCfg = Debug|Any CPU
		{2CD94585-D66D-4440-A206-537C779BF294}.Debug|Any CPU.Build.0 = Debug|Any CPU
		{2CD94585-D66D-4440-A206-537C779BF294}.Release|Any CPU.ActiveCfg = Release|Any CPU
		{2CD94585-D66D-4440-A206-537C779BF294}.Release|Any CPU.Build.0 = Release|Any CPU
		{7E39830D-0670-497B-A4EF-D086D31FD1CA}.Debug|Any CPU.ActiveCfg = Debug|Any CPU
		{7E39830D-0670-497B-A4EF-D086D31FD1CA}.Debug|Any CPU.Build.0 = Debug|Any CPU
		{7E39830D-0670-497B-A4EF-D086D31FD1CA}.Release|Any CPU.ActiveCfg = Release|Any CPU
		{7E39830D-0670-497B-A4EF-D086D31FD1CA}.Release|Any CPU.Build.0 = Release|Any CPU
		{3B58B95B-501A-42E7-A891-549A0B852441}.Debug|Any CPU.ActiveCfg = Debug|Any CPU
		{3B58B95B-501A-42E7-A891-549A0B852441}.Debug|Any CPU.Build.0 = Debug|Any CPU
		{3B58B95B-501A-42E7-A891-549A0B852441}.Release|Any CPU.ActiveCfg = Release|Any CPU
		{3B58B95B-501A-42E7-A891-549A0B852441}.Release|Any CPU.Build.0 = Release|Any CPU
		{52A08575-BCB2-44D0-9EB0-5D1FBBD78B46}.Debug|Any CPU.ActiveCfg = Debug|Any CPU
		{52A08575-BCB2-44D0-9EB0-5D1FBBD78B46}.Debug|Any CPU.Build.0 = Debug|Any CPU
		{52A08575-BCB2-44D0-9EB0-5D1FBBD78B46}.Release|Any CPU.ActiveCfg = Release|Any CPU
		{52A08575-BCB2-44D0-9EB0-5D1FBBD78B46}.Release|Any CPU.Build.0 = Release|Any CPU
		{3F3ECB37-B724-48A9-B81B-EF948C38476C}.Debug|Any CPU.ActiveCfg = Debug|Any CPU
		{3F3ECB37-B724-48A9-B81B-EF948C38476C}.Debug|Any CPU.Build.0 = Debug|Any CPU
		{3F3ECB37-B724-48A9-B81B-EF948C38476C}.Release|Any CPU.ActiveCfg = Release|Any CPU
		{3F3ECB37-B724-48A9-B81B-EF948C38476C}.Release|Any CPU.Build.0 = Release|Any CPU
		{C3C0ECD9-EE3A-45C6-A54F-78933E2F55BE}.Debug|Any CPU.ActiveCfg = Debug|Any CPU
		{C3C0ECD9-EE3A-45C6-A54F-78933E2F55BE}.Debug|Any CPU.Build.0 = Debug|Any CPU
		{C3C0ECD9-EE3A-45C6-A54F-78933E2F55BE}.Release|Any CPU.ActiveCfg = Release|Any CPU
		{C3C0ECD9-EE3A-45C6-A54F-78933E2F55BE}.Release|Any CPU.Build.0 = Release|Any CPU
		{F77A0D96-27C4-45F0-BE38-9FB1AF75CAF0}.Debug|Any CPU.ActiveCfg = Debug|Any CPU
		{F77A0D96-27C4-45F0-BE38-9FB1AF75CAF0}.Debug|Any CPU.Build.0 = Debug|Any CPU
		{F77A0D96-27C4-45F0-BE38-9FB1AF75CAF0}.Release|Any CPU.ActiveCfg = Release|Any CPU
		{F77A0D96-27C4-45F0-BE38-9FB1AF75CAF0}.Release|Any CPU.Build.0 = Release|Any CPU
		{E6AFD778-3E3E-4D65-B4C5-389D4344BCFF}.Debug|Any CPU.ActiveCfg = Debug|Any CPU
		{E6AFD778-3E3E-4D65-B4C5-389D4344BCFF}.Debug|Any CPU.Build.0 = Debug|Any CPU
		{E6AFD778-3E3E-4D65-B4C5-389D4344BCFF}.Release|Any CPU.ActiveCfg = Release|Any CPU
		{E6AFD778-3E3E-4D65-B4C5-389D4344BCFF}.Release|Any CPU.Build.0 = Release|Any CPU
		{8A19C14A-FDDC-464A-B4AA-E05013EBFD39}.Debug|Any CPU.ActiveCfg = Debug|Any CPU
		{8A19C14A-FDDC-464A-B4AA-E05013EBFD39}.Debug|Any CPU.Build.0 = Debug|Any CPU
		{8A19C14A-FDDC-464A-B4AA-E05013EBFD39}.Release|Any CPU.ActiveCfg = Release|Any CPU
		{8A19C14A-FDDC-464A-B4AA-E05013EBFD39}.Release|Any CPU.Build.0 = Release|Any CPU
		{3E5B56EB-4F59-4658-A32C-121325E8D20E}.Debug|Any CPU.ActiveCfg = Debug|Any CPU
		{3E5B56EB-4F59-4658-A32C-121325E8D20E}.Debug|Any CPU.Build.0 = Debug|Any CPU
		{3E5B56EB-4F59-4658-A32C-121325E8D20E}.Release|Any CPU.ActiveCfg = Release|Any CPU
		{3E5B56EB-4F59-4658-A32C-121325E8D20E}.Release|Any CPU.Build.0 = Release|Any CPU
		{0A9778B8-9D58-4B4C-A1DE-7A28D8834973}.Debug|Any CPU.ActiveCfg = Debug|Any CPU
		{0A9778B8-9D58-4B4C-A1DE-7A28D8834973}.Debug|Any CPU.Build.0 = Debug|Any CPU
		{0A9778B8-9D58-4B4C-A1DE-7A28D8834973}.Release|Any CPU.ActiveCfg = Release|Any CPU
		{0A9778B8-9D58-4B4C-A1DE-7A28D8834973}.Release|Any CPU.Build.0 = Release|Any CPU
		{B151FAFD-835B-45ED-AB86-CC8A80FB0461}.Debug|Any CPU.ActiveCfg = Debug|Any CPU
		{B151FAFD-835B-45ED-AB86-CC8A80FB0461}.Debug|Any CPU.Build.0 = Debug|Any CPU
		{B151FAFD-835B-45ED-AB86-CC8A80FB0461}.Release|Any CPU.ActiveCfg = Release|Any CPU
		{B151FAFD-835B-45ED-AB86-CC8A80FB0461}.Release|Any CPU.Build.0 = Release|Any CPU
		{50444A0D-0E9A-4179-8823-B816D838B47F}.Debug|Any CPU.ActiveCfg = Debug|Any CPU
		{50444A0D-0E9A-4179-8823-B816D838B47F}.Debug|Any CPU.Build.0 = Debug|Any CPU
		{50444A0D-0E9A-4179-8823-B816D838B47F}.Release|Any CPU.ActiveCfg = Release|Any CPU
		{50444A0D-0E9A-4179-8823-B816D838B47F}.Release|Any CPU.Build.0 = Release|Any CPU
	EndGlobalSection
	GlobalSection(SolutionProperties) = preSolution
		HideSolutionNode = FALSE
	EndGlobalSection
	GlobalSection(NestedProjects) = preSolution
		{F44E04F0-C403-4C62-A0D8-741592B3D552} = {15051826-BE14-4DC4-81C0-CD5598C5616B}
		{7AE5ABCA-9B95-46A9-AD8C-7686278D3A55} = {15051826-BE14-4DC4-81C0-CD5598C5616B}
		{97BA8BC2-2F45-4F1B-8955-7E09E438676F} = {15051826-BE14-4DC4-81C0-CD5598C5616B}
		{A1E1167C-2B2D-4FBF-B88F-2B735571742E} = {15051826-BE14-4DC4-81C0-CD5598C5616B}
		{6611B3FE-4F99-42C1-BDD3-1A0BE29A1569} = {15051826-BE14-4DC4-81C0-CD5598C5616B}
		{C26536A6-0EDF-4555-81D2-59F8D64DAF5F} = {F055E8FC-203D-4730-85CC-8B61C8B5111C}
		{2CD94585-D66D-4440-A206-537C779BF294} = {F055E8FC-203D-4730-85CC-8B61C8B5111C}
		{7E39830D-0670-497B-A4EF-D086D31FD1CA} = {F055E8FC-203D-4730-85CC-8B61C8B5111C}
		{3B58B95B-501A-42E7-A891-549A0B852441} = {F055E8FC-203D-4730-85CC-8B61C8B5111C}
		{52A08575-BCB2-44D0-9EB0-5D1FBBD78B46} = {F055E8FC-203D-4730-85CC-8B61C8B5111C}
		{3F3ECB37-B724-48A9-B81B-EF948C38476C} = {6CAD9CE4-5FD5-4F4D-ACC8-63AE7CB03830}
		{C3C0ECD9-EE3A-45C6-A54F-78933E2F55BE} = {6CAD9CE4-5FD5-4F4D-ACC8-63AE7CB03830}
		{F77A0D96-27C4-45F0-BE38-9FB1AF75CAF0} = {6CAD9CE4-5FD5-4F4D-ACC8-63AE7CB03830}
		{E6AFD778-3E3E-4D65-B4C5-389D4344BCFF} = {6CAD9CE4-5FD5-4F4D-ACC8-63AE7CB03830}
		{8A19C14A-FDDC-464A-B4AA-E05013EBFD39} = {0CB7C5D7-073A-4E56-B37E-4D8A83660B33}
		{3E5B56EB-4F59-4658-A32C-121325E8D20E} = {0CB7C5D7-073A-4E56-B37E-4D8A83660B33}
		{0A9778B8-9D58-4B4C-A1DE-7A28D8834973} = {0CB7C5D7-073A-4E56-B37E-4D8A83660B33}
		{B151FAFD-835B-45ED-AB86-CC8A80FB0461} = {0CB7C5D7-073A-4E56-B37E-4D8A83660B33}
		{50444A0D-0E9A-4179-8823-B816D838B47F} = {F4A8C4A7-2C7B-450F-AE2B-3C4215CED308}
	EndGlobalSection
	GlobalSection(ExtensibilityGlobals) = postSolution
		SolutionGuid = {C5C17387-D11D-4E2D-A301-01B707B87193}
	EndGlobalSection
EndGlobal
